{
  "requires": true,
  "lockfileVersion": 1,
  "dependencies": {
    "@better-scroll/core": {
      "version": "2.1.1",
      "resolved": "https://registry.npmjs.org/@better-scroll/core/-/core-2.1.1.tgz",
      "integrity": "sha512-QqktPA1qHWW9JkCDbcCorh2v9QqDO2HUMPQC5huHMkI75OPPd2LwJ55eOIQNMAaELIF6ef63luuf4GrsR/dnlw==",
      "requires": {
        "@better-scroll/shared-utils": "^2.1.1"
      }
    },
    "@better-scroll/infinity": {
      "version": "2.1.1",
      "resolved": "https://registry.npmjs.org/@better-scroll/infinity/-/infinity-2.1.1.tgz",
      "integrity": "sha512-tSJ7JDrd1BJBBFjxww1eYji+6II/P1YyLC0+evN/Hse4y9/qF4G/1j9ZtzKbj8qotqcRf67ydecseIvuG0e8Bw==",
      "requires": {
        "@better-scroll/core": "^2.1.1"
      }
    },
    "@better-scroll/mouse-wheel": {
      "version": "2.1.1",
      "resolved": "https://registry.npmjs.org/@better-scroll/mouse-wheel/-/mouse-wheel-2.1.1.tgz",
      "integrity": "sha512-lCt/56/R1O3ZQp/mIK/VdTENT/WITn3YHHzcQGi/d1AytWkV4Z823RtAWqvxU87AyAMwoxEE1qSFoVlM3QzUpA==",
      "requires": {
        "@better-scroll/core": "^2.1.1"
      }
    },
    "@better-scroll/movable": {
      "version": "2.1.1",
      "resolved": "https://registry.npmjs.org/@better-scroll/movable/-/movable-2.1.1.tgz",
      "integrity": "sha512-fuUBt9napC5bD09VSYwGEcoZ0dsO2ZT55FG6YvXvr1JXEU5C4xksQJCdwr11zpObsd44zHSJGgRHqlQQRbalXg==",
      "requires": {
        "@better-scroll/core": "^2.1.1"
      }
    },
    "@better-scroll/nested-scroll": {
      "version": "2.1.1",
      "resolved": "https://registry.npmjs.org/@better-scroll/nested-scroll/-/nested-scroll-2.1.1.tgz",
      "integrity": "sha512-cIjjzAnYBPXZncOLF0VSgYhsdpeaSDaz05avEgn7kls+d54yssu0nwpWaNRrjBFEyPVD0Z6EO5pqjYUPPKv8NA==",
      "requires": {
        "@better-scroll/core": "^2.1.1"
      }
    },
    "@better-scroll/observe-dom": {
      "version": "2.1.1",
      "resolved": "https://registry.npmjs.org/@better-scroll/observe-dom/-/observe-dom-2.1.1.tgz",
      "integrity": "sha512-q5dRMtAgyp6ijbq46nBgqodJqFBpQJhd/MOAGP608Bc6DA8TcQmLOQEHYLKq2UEPqNBXmD27zd/FXRvi9Kc+WQ==",
      "requires": {
        "@better-scroll/core": "^2.1.1"
      }
    },
    "@better-scroll/observe-image": {
      "version": "2.1.1",
      "resolved": "https://registry.npmjs.org/@better-scroll/observe-image/-/observe-image-2.1.1.tgz",
      "integrity": "sha512-aIfJNcmTtzWdCmjjqmxMXzxtcv5X7/uoBDwT349XMMw5nXzipysmw05o4Vgsi+DLbdblQqZrssL+Gg3xCJiu5A==",
      "requires": {
        "@better-scroll/core": "^2.1.1"
      }
    },
    "@better-scroll/pull-down": {
      "version": "2.1.1",
      "resolved": "https://registry.npmjs.org/@better-scroll/pull-down/-/pull-down-2.1.1.tgz",
      "integrity": "sha512-/CMqGrdgm0jM/puevoi/ME0H/37Cq8f6l8+lNHflfWI88XM+JPszXPidRWKcx2N2LZkUb/LvED5C8ASI6Pu02g==",
      "requires": {
        "@better-scroll/core": "^2.1.1"
      }
    },
    "@better-scroll/pull-up": {
      "version": "2.1.1",
      "resolved": "https://registry.npmjs.org/@better-scroll/pull-up/-/pull-up-2.1.1.tgz",
      "integrity": "sha512-frnVKXT0RyGR0j6S96iqDebcQN1r5LiaMKlVGQgSMVjjGie9iyXta+7actpMpmYyvsUnmOC4lFGAVi2RWwQ07g==",
      "requires": {
        "@better-scroll/core": "^2.1.1"
      }
    },
    "@better-scroll/scroll-bar": {
      "version": "2.1.1",
      "resolved": "https://registry.npmjs.org/@better-scroll/scroll-bar/-/scroll-bar-2.1.1.tgz",
      "integrity": "sha512-u78hdo5OgR+fCjx+uLnL0dT3XobZmIYfP4WX+dksNQK56JyV2sZqWy8h5jMD0cjjW9TKH8sB2drzRogX3k09FQ==",
      "requires": {
        "@better-scroll/core": "^2.1.1"
      }
    },
    "@better-scroll/shared-utils": {
      "version": "2.1.1",
      "resolved": "https://registry.npmjs.org/@better-scroll/shared-utils/-/shared-utils-2.1.1.tgz",
      "integrity": "sha512-2zpSGiNfuiHEKJ4r3PrgejRWNIq9yTRsExQAssoefc7HQaQl/m4xzfdboeXI7iSw12YaqrZRPeT16rq9SZpLZw=="
    },
    "@better-scroll/slide": {
      "version": "2.1.1",
      "resolved": "https://registry.npmjs.org/@better-scroll/slide/-/slide-2.1.1.tgz",
      "integrity": "sha512-BKKE8mvM+cthoOL1LTUqWzfvIuq2OSMy4LOV7+IhG4oZOM7pk0T6PGNnJpf485ofcz8ZBc2DYtylLpfHH6bxFQ==",
      "requires": {
        "@better-scroll/core": "^2.1.1"
      }
    },
    "@better-scroll/wheel": {
      "version": "2.1.1",
      "resolved": "https://registry.npmjs.org/@better-scroll/wheel/-/wheel-2.1.1.tgz",
      "integrity": "sha512-zZWHbq+8g80eJOGCqsRYKMOkz9o9kLhNyxgXtdMDWocsp3Mplli/doff9nKyX23YDC9sQOvewpXa+1uKwRUdZQ==",
      "requires": {
        "@better-scroll/core": "^2.1.1"
      }
    },
    "@better-scroll/zoom": {
      "version": "2.1.1",
      "resolved": "https://registry.npmjs.org/@better-scroll/zoom/-/zoom-2.1.1.tgz",
      "integrity": "sha512-FGO7Ox7urwRN5HR0MrvWCp+7gPF+bNHiT8d7hitpIfImG144rQ96l34Gqe9zmifvBl85gBflEnaFXIhrsKtPUg==",
      "requires": {
        "@better-scroll/core": "^2.1.1"
      }
    },
    "better-scroll": {
      "version": "2.1.1",
      "resolved": "https://registry.npmjs.org/better-scroll/-/better-scroll-2.1.1.tgz",
      "integrity": "sha512-zspjSrchJabCw5Ra7NE7Vq0YLz51yHWSOjzfQpEfif9iHQWFqih2aSzW2ONM97svFpTh1E/o6MnXRldNdqI3cw==",
      "requires": {
        "@better-scroll/core": "^2.1.1",
        "@better-scroll/infinity": "^2.1.1",
        "@better-scroll/mouse-wheel": "^2.1.1",
        "@better-scroll/movable": "^2.1.1",
        "@better-scroll/nested-scroll": "^2.1.1",
        "@better-scroll/observe-dom": "^2.1.1",
        "@better-scroll/observe-image": "^2.1.1",
        "@better-scroll/pull-down": "^2.1.1",
        "@better-scroll/pull-up": "^2.1.1",
        "@better-scroll/scroll-bar": "^2.1.1",
        "@better-scroll/slide": "^2.1.1",
        "@better-scroll/wheel": "^2.1.1",
        "@better-scroll/zoom": "^2.1.1"
      }
    }
  }
}
